<?xml version="1.0" encoding="utf-8"?>
<Project ToolsVersion="16.0" xmlns="http://schemas.microsoft.com/developer/msbuild/2003">
  <ItemGroup>
    <ClCompile Include="C:\Users\hcdce\Desktop\OpenSteer-master\src\Camera.cpp">
      <Filter>OpenSteer\src</Filter>
    </ClCompile>
    <ClCompile Include="C:\Users\hcdce\Desktop\OpenSteer-master\src\Clock.cpp">
      <Filter>OpenSteer\src</Filter>
    </ClCompile>
    <ClCompile Include="C:\Users\hcdce\Desktop\OpenSteer-master\src\lq.c">
      <Filter>OpenSteer\src</Filter>
    </ClCompile>
    <ClCompile Include="C:\Users\hcdce\Desktop\OpenSteer-master\src\Obstacle.cpp">
      <Filter>OpenSteer\src</Filter>
    </ClCompile>
    <ClCompile Include="C:\Users\hcdce\Desktop\OpenSteer-master\src\OldPathway.cpp">
      <Filter>OpenSteer\src</Filter>
    </ClCompile>
    <ClCompile Include="C:\Users\hcdce\Desktop\OpenSteer-master\src\Path.cpp">
      <Filter>OpenSteer\src</Filter>
    </ClCompile>
    <ClCompile Include="C:\Users\hcdce\Desktop\OpenSteer-master\src\Pathway.cpp">
      <Filter>OpenSteer\src</Filter>
    </ClCompile>
    <ClCompile Include="C:\Users\hcdce\Desktop\OpenSteer-master\src\PlugIn.cpp">
      <Filter>OpenSteer\src</Filter>
    </ClCompile>
    <ClCompile Include="C:\Users\hcdce\Desktop\OpenSteer-master\src\PolylineSegmentedPath.cpp">
      <Filter>OpenSteer\src</Filter>
    </ClCompile>
    <ClCompile Include="C:\Users\hcdce\Desktop\OpenSteer-master\src\PolylineSegmentedPathwaySegmentRadii.cpp">
      <Filter>OpenSteer\src</Filter>
    </ClCompile>
    <ClCompile Include="C:\Users\hcdce\Desktop\OpenSteer-master\src\PolylineSegmentedPathwaySingleRadius.cpp">
      <Filter>OpenSteer\src</Filter>
    </ClCompile>
    <ClCompile Include="C:\Users\hcdce\Desktop\OpenSteer-master\src\SegmentedPath.cpp">
      <Filter>OpenSteer\src</Filter>
    </ClCompile>
    <ClCompile Include="C:\Users\hcdce\Desktop\OpenSteer-master\src\SegmentedPathway.cpp">
      <Filter>OpenSteer\src</Filter>
    </ClCompile>
    <ClCompile Include="C:\Users\hcdce\Desktop\OpenSteer-master\src\SimpleVehicle.cpp">
      <Filter>OpenSteer\src</Filter>
    </ClCompile>
    <ClCompile Include="C:\Users\hcdce\Desktop\OpenSteer-master\src\TerrainRayTest.cpp">
      <Filter>OpenSteer\src</Filter>
    </ClCompile>
    <ClCompile Include="C:\Users\hcdce\Desktop\OpenSteer-master\src\Vec3.cpp">
      <Filter>OpenSteer\src</Filter>
    </ClCompile>
    <ClCompile Include="C:\Users\hcdce\Desktop\OpenSteer-master\src\Vec3Utilities.cpp">
      <Filter>OpenSteer\src</Filter>
    </ClCompile>
  </ItemGroup>
  <ItemGroup>
    <ClInclude Include="C:\Users\hcdce\Desktop\OpenSteer-master\include\OpenSteer\AbstractVehicle.h">
      <Filter>OpenSteer\include</Filter>
    </ClInclude>
    <ClInclude Include="C:\Users\hcdce\Desktop\OpenSteer-master\include\OpenSteer\Annotation.h">
      <Filter>OpenSteer\include</Filter>
    </ClInclude>
    <ClInclude Include="C:\Users\hcdce\Desktop\OpenSteer-master\include\OpenSteer\Camera.h">
      <Filter>OpenSteer\include</Filter>
    </ClInclude>
    <ClInclude Include="C:\Users\hcdce\Desktop\OpenSteer-master\include\OpenSteer\Clock.h">
      <Filter>OpenSteer\include</Filter>
    </ClInclude>
    <ClInclude Include="C:\Users\hcdce\Desktop\OpenSteer-master\include\OpenSteer\Color.h">
      <Filter>OpenSteer\include</Filter>
    </ClInclude>
    <ClInclude Include="C:\Users\hcdce\Desktop\OpenSteer-master\include\OpenSteer\Draw.h">
      <Filter>OpenSteer\include</Filter>
    </ClInclude>
    <ClInclude Include="C:\Users\hcdce\Desktop\OpenSteer-master\include\OpenSteer\LocalSpace.h">
      <Filter>OpenSteer\include</Filter>
    </ClInclude>
    <ClInclude Include="C:\Users\hcdce\Desktop\OpenSteer-master\include\OpenSteer\lq.h">
      <Filter>OpenSteer\include</Filter>
    </ClInclude>
    <ClInclude Include="C:\Users\hcdce\Desktop\OpenSteer-master\include\OpenSteer\Obstacle.h">
      <Filter>OpenSteer\include</Filter>
    </ClInclude>
    <ClInclude Include="C:\Users\hcdce\Desktop\OpenSteer-master\include\OpenSteer\OldPathway.h">
      <Filter>OpenSteer\include</Filter>
    </ClInclude>
    <ClInclude Include="C:\Users\hcdce\Desktop\OpenSteer-master\include\OpenSteer\OpenSteerDemo.h">
      <Filter>OpenSteer\include</Filter>
    </ClInclude>
    <ClInclude Include="C:\Users\hcdce\Desktop\OpenSteer-master\include\OpenSteer\Path.h">
      <Filter>OpenSteer\include</Filter>
    </ClInclude>
    <ClInclude Include="C:\Users\hcdce\Desktop\OpenSteer-master\include\OpenSteer\Pathway.h">
      <Filter>OpenSteer\include</Filter>
    </ClInclude>
    <ClInclude Include="C:\Users\hcdce\Desktop\OpenSteer-master\include\OpenSteer\PlugIn.h">
      <Filter>OpenSteer\include</Filter>
    </ClInclude>
    <ClInclude Include="C:\Users\hcdce\Desktop\OpenSteer-master\include\OpenSteer\PolylineSegmentedPath.h">
      <Filter>OpenSteer\include</Filter>
    </ClInclude>
    <ClInclude Include="C:\Users\hcdce\Desktop\OpenSteer-master\include\OpenSteer\PolylineSegmentedPathwaySegmentRadii.h">
      <Filter>OpenSteer\include</Filter>
    </ClInclude>
    <ClInclude Include="C:\Users\hcdce\Desktop\OpenSteer-master\include\OpenSteer\PolylineSegmentedPathwaySingleRadius.h">
      <Filter>OpenSteer\include</Filter>
    </ClInclude>
    <ClInclude Include="C:\Users\hcdce\Desktop\OpenSteer-master\include\OpenSteer\Proximity.h">
      <Filter>OpenSteer\include</Filter>
    </ClInclude>
    <ClInclude Include="C:\Users\hcdce\Desktop\OpenSteer-master\include\OpenSteer\QueryPathAlike.h">
      <Filter>OpenSteer\include</Filter>
    </ClInclude>
    <ClInclude Include="C:\Users\hcdce\Desktop\OpenSteer-master\include\OpenSteer\QueryPathAlikeBaseDataExtractionPolicies.h">
      <Filter>OpenSteer\include</Filter>
    </ClInclude>
    <ClInclude Include="C:\Users\hcdce\Desktop\OpenSteer-master\include\OpenSteer\QueryPathAlikeMappings.h">
      <Filter>OpenSteer\include</Filter>
    </ClInclude>
    <ClInclude Include="C:\Users\hcdce\Desktop\OpenSteer-master\include\OpenSteer\QueryPathAlikeUtilities.h">
      <Filter>OpenSteer\include</Filter>
    </ClInclude>
    <ClInclude Include="C:\Users\hcdce\Desktop\OpenSteer-master\include\OpenSteer\SegmentedPath.h">
      <Filter>OpenSteer\include</Filter>
    </ClInclude>
    <ClInclude Include="C:\Users\hcdce\Desktop\OpenSteer-master\include\OpenSteer\SegmentedPathAlikeUtilities.h">
      <Filter>OpenSteer\include</Filter>
    </ClInclude>
    <ClInclude Include="C:\Users\hcdce\Desktop\OpenSteer-master\include\OpenSteer\SegmentedPathway.h">
      <Filter>OpenSteer\include</Filter>
    </ClInclude>
    <ClInclude Include="C:\Users\hcdce\Desktop\OpenSteer-master\include\OpenSteer\SharedPointer.h">
      <Filter>OpenSteer\include</Filter>
    </ClInclude>
    <ClInclude Include="C:\Users\hcdce\Desktop\OpenSteer-master\include\OpenSteer\SimpleVehicle.h">
      <Filter>OpenSteer\include</Filter>
    </ClInclude>
    <ClInclude Include="C:\Users\hcdce\Desktop\OpenSteer-master\include\OpenSteer\StandardTypes.h">
      <Filter>OpenSteer\include</Filter>
    </ClInclude>
    <ClInclude Include="C:\Users\hcdce\Desktop\OpenSteer-master\include\OpenSteer\SteerLibrary.h">
      <Filter>OpenSteer\include</Filter>
    </ClInclude>
    <ClInclude Include="C:\Users\hcdce\Desktop\OpenSteer-master\include\OpenSteer\UnusedParameter.h">
      <Filter>OpenSteer\include</Filter>
    </ClInclude>
    <ClInclude Include="C:\Users\hcdce\Desktop\OpenSteer-master\include\OpenSteer\Utilities.h">
      <Filter>OpenSteer\include</Filter>
    </ClInclude>
    <ClInclude Include="C:\Users\hcdce\Desktop\OpenSteer-master\include\OpenSteer\Vec3.h">
      <Filter>OpenSteer\include</Filter>
    </ClInclude>
    <ClInclude Include="C:\Users\hcdce\Desktop\OpenSteer-master\include\OpenSteer\Vec3Utilities.h">
      <Filter>OpenSteer\include</Filter>
    </ClInclude>
  </ItemGroup>
  <ItemGroup>
    <CustomBuild Include="C:\Users\hcdce\Desktop\OpenSteer-master\CMakeLists.txt" />
  </ItemGroup>
  <ItemGroup>
    <Filter Include="OpenSteer">
      <UniqueIdentifier>{763194B7-10B6-35BB-ABA8-B0517EBBAACE}</UniqueIdentifier>
    </Filter>
    <Filter Include="OpenSteer\include">
      <UniqueIdentifier>{EACC4B25-AFC8-339E-8D5C-29E2B69268B3}</UniqueIdentifier>
    </Filter>
    <Filter Include="OpenSteer\src">
      <UniqueIdentifier>{20E831E9-EF01-3B50-A342-CE3C7676F5FD}</UniqueIdentifier>
    </Filter>
  </ItemGroup>
</Project>
