<?xml version="1.0" encoding="utf-8"?>
<Project ToolsVersion="16.0" xmlns="http://schemas.microsoft.com/developer/msbuild/2003">
  <ItemGroup>
    <ClCompile Include="C:\Users\hcdce\Desktop\OpenSteer-master\third-party\glfw\deps\glad.c">
      <Filter>Source Files</Filter>
    </ClCompile>
    <ClCompile Include="C:\Users\hcdce\Desktop\OpenSteer-master\src\OpenSteerDemo.cpp">
      <Filter>Source Files</Filter>
    </ClCompile>
    <ClCompile Include="C:\Users\hcdce\Desktop\OpenSteer-master\src\Draw.cpp">
      <Filter>Source Files</Filter>
    </ClCompile>
    <ClCompile Include="C:\Users\hcdce\Desktop\OpenSteer-master\src\Color.cpp">
      <Filter>Source Files</Filter>
    </ClCompile>
    <ClCompile Include="C:\Users\hcdce\Desktop\OpenSteer-master\src\main.cpp">
      <Filter>Source Files</Filter>
    </ClCompile>
    <ClCompile Include="C:\Users\hcdce\Desktop\OpenSteer-master\plugins\Boids.cpp">
      <Filter>Source Files</Filter>
    </ClCompile>
    <ClCompile Include="C:\Users\hcdce\Desktop\OpenSteer-master\plugins\CaptureTheFlag.cpp">
      <Filter>Source Files</Filter>
    </ClCompile>
    <ClCompile Include="C:\Users\hcdce\Desktop\OpenSteer-master\plugins\LowSpeedTurn.cpp">
      <Filter>Source Files</Filter>
    </ClCompile>
    <ClCompile Include="C:\Users\hcdce\Desktop\OpenSteer-master\plugins\MapDrive.cpp">
      <Filter>Source Files</Filter>
    </ClCompile>
    <ClCompile Include="C:\Users\hcdce\Desktop\OpenSteer-master\plugins\MultiplePursuit.cpp">
      <Filter>Source Files</Filter>
    </ClCompile>
    <ClCompile Include="C:\Users\hcdce\Desktop\OpenSteer-master\plugins\OneTurning.cpp">
      <Filter>Source Files</Filter>
    </ClCompile>
    <ClCompile Include="C:\Users\hcdce\Desktop\OpenSteer-master\plugins\Pedestrian.cpp">
      <Filter>Source Files</Filter>
    </ClCompile>
    <ClCompile Include="C:\Users\hcdce\Desktop\OpenSteer-master\plugins\PedestriansWalkingAnEight.cpp">
      <Filter>Source Files</Filter>
    </ClCompile>
    <ClCompile Include="C:\Users\hcdce\Desktop\OpenSteer-master\plugins\Soccer.cpp">
      <Filter>Source Files</Filter>
    </ClCompile>
  </ItemGroup>
  <ItemGroup>
    <ClInclude Include="C:\Users\hcdce\Desktop\OpenSteer-master\src\TerrainRayTest.h">
      <Filter>Header Files</Filter>
    </ClInclude>
    <ClInclude Include="C:\Users\hcdce\Desktop\OpenSteer-master\test\PolylineSegmentedPathTest.h">
      <Filter>Header Files</Filter>
    </ClInclude>
    <ClInclude Include="C:\Users\hcdce\Desktop\OpenSteer-master\test\PolylineSegmentedPathwaySingleRadiusTest.h">
      <Filter>Header Files</Filter>
    </ClInclude>
    <ClInclude Include="C:\Users\hcdce\Desktop\OpenSteer-master\test\SharedPointerTest.h">
      <Filter>Header Files</Filter>
    </ClInclude>
    <ClInclude Include="C:\Users\hcdce\Desktop\OpenSteer-master\win32\resource.h">
      <Filter>Header Files</Filter>
    </ClInclude>
  </ItemGroup>
  <ItemGroup>
    <CustomBuild Include="C:\Users\hcdce\Desktop\OpenSteer-master\CMakeLists.txt" />
  </ItemGroup>
  <ItemGroup>
    <Filter Include="Header Files">
      <UniqueIdentifier>{D490E85E-3054-3036-ADA9-E0CD70433734}</UniqueIdentifier>
    </Filter>
    <Filter Include="Source Files">
      <UniqueIdentifier>{D6D2B31E-1FA2-313D-9EE4-A4662B3B98F6}</UniqueIdentifier>
    </Filter>
  </ItemGroup>
</Project>
