Microsoft Visual Studio Solution File, Format Version 12.00
# Visual Studio 16
Project("{2150E333-8FDC-42A3-9474-1A3956D46DE8}") = "CMakePredefinedTargets", "CMakePredefinedTargets", "{47840DB6-1026-372C-8439-34EF9E1C7DF1}"
EndProject
Project("{2150E333-8FDC-42A3-9474-1A3956D46DE8}") = "GLFW3", "GLFW3", "{4090B589-16F6-3739-8896-D12551858958}"
EndProject
Project("{8BC9CEB8-8B4A-11D0-8D11-00A0C91BC942}") = "ALL_BUILD", "ALL_BUILD.vcxproj", "{62D18CC1-49F5-3D9C-8842-FF3B62B0D3F1}"
	ProjectSection(ProjectDependencies) = postProject
		{18CA54AD-19E4-37D1-886B-0A76CEAC2A69} = {18CA54AD-19E4-37D1-886B-0A76CEAC2A69}
		{F084705F-6A1D-3905-A104-6ADFEFCCBF32} = {F084705F-6A1D-3905-A104-6ADFEFCCBF32}
		{194E2716-B2CD-3820-ABA8-885F698FA97A} = {194E2716-B2CD-3820-ABA8-885F698FA97A}
		{20D8AD7D-E935-360C-973F-968A74D93C60} = {20D8AD7D-E935-360C-973F-968A74D93C60}
	EndProjectSection
EndProject
Project("{8BC9CEB8-8B4A-11D0-8D11-00A0C91BC942}") = "INSTALL", "INSTALL.vcxproj", "{FC583936-EA46-3E43-8AE7-F13871C5E4CC}"
	ProjectSection(ProjectDependencies) = postProject
		{62D18CC1-49F5-3D9C-8842-FF3B62B0D3F1} = {62D18CC1-49F5-3D9C-8842-FF3B62B0D3F1}
		{F084705F-6A1D-3905-A104-6ADFEFCCBF32} = {F084705F-6A1D-3905-A104-6ADFEFCCBF32}
	EndProjectSection
EndProject
Project("{8BC9CEB8-8B4A-11D0-8D11-00A0C91BC942}") = "OpenSteerDemo", "OpenSteerDemo.vcxproj", "{18CA54AD-19E4-37D1-886B-0A76CEAC2A69}"
	ProjectSection(ProjectDependencies) = postProject
		{F084705F-6A1D-3905-A104-6ADFEFCCBF32} = {F084705F-6A1D-3905-A104-6ADFEFCCBF32}
		{194E2716-B2CD-3820-ABA8-885F698FA97A} = {194E2716-B2CD-3820-ABA8-885F698FA97A}
		{20D8AD7D-E935-360C-973F-968A74D93C60} = {20D8AD7D-E935-360C-973F-968A74D93C60}
	EndProjectSection
EndProject
Project("{8BC9CEB8-8B4A-11D0-8D11-00A0C91BC942}") = "ZERO_CHECK", "ZERO_CHECK.vcxproj", "{F084705F-6A1D-3905-A104-6ADFEFCCBF32}"
	ProjectSection(ProjectDependencies) = postProject
	EndProjectSection
EndProject
Project("{8BC9CEB8-8B4A-11D0-8D11-00A0C91BC942}") = "glfw", "third-party\glfw\src\glfw.vcxproj", "{194E2716-B2CD-3820-ABA8-885F698FA97A}"
	ProjectSection(ProjectDependencies) = postProject
		{F084705F-6A1D-3905-A104-6ADFEFCCBF32} = {F084705F-6A1D-3905-A104-6ADFEFCCBF32}
	EndProjectSection
EndProject
Project("{8BC9CEB8-8B4A-11D0-8D11-00A0C91BC942}") = "libopensteer", "libopensteer.vcxproj", "{20D8AD7D-E935-360C-973F-968A74D93C60}"
	ProjectSection(ProjectDependencies) = postProject
		{F084705F-6A1D-3905-A104-6ADFEFCCBF32} = {F084705F-6A1D-3905-A104-6ADFEFCCBF32}
	EndProjectSection
EndProject
Global
	GlobalSection(SolutionConfigurationPlatforms) = preSolution
		Debug|x64 = Debug|x64
		Release|x64 = Release|x64
		MinSizeRel|x64 = MinSizeRel|x64
		RelWithDebInfo|x64 = RelWithDebInfo|x64
	EndGlobalSection
	GlobalSection(ProjectConfigurationPlatforms) = postSolution
		{62D18CC1-49F5-3D9C-8842-FF3B62B0D3F1}.Debug|x64.ActiveCfg = Debug|x64
		{62D18CC1-49F5-3D9C-8842-FF3B62B0D3F1}.Debug|x64.Build.0 = Debug|x64
		{62D18CC1-49F5-3D9C-8842-FF3B62B0D3F1}.Release|x64.ActiveCfg = Release|x64
		{62D18CC1-49F5-3D9C-8842-FF3B62B0D3F1}.Release|x64.Build.0 = Release|x64
		{62D18CC1-49F5-3D9C-8842-FF3B62B0D3F1}.MinSizeRel|x64.ActiveCfg = MinSizeRel|x64
		{62D18CC1-49F5-3D9C-8842-FF3B62B0D3F1}.MinSizeRel|x64.Build.0 = MinSizeRel|x64
		{62D18CC1-49F5-3D9C-8842-FF3B62B0D3F1}.RelWithDebInfo|x64.ActiveCfg = RelWithDebInfo|x64
		{62D18CC1-49F5-3D9C-8842-FF3B62B0D3F1}.RelWithDebInfo|x64.Build.0 = RelWithDebInfo|x64
		{FC583936-EA46-3E43-8AE7-F13871C5E4CC}.Debug|x64.ActiveCfg = Debug|x64
		{FC583936-EA46-3E43-8AE7-F13871C5E4CC}.Release|x64.ActiveCfg = Release|x64
		{FC583936-EA46-3E43-8AE7-F13871C5E4CC}.MinSizeRel|x64.ActiveCfg = MinSizeRel|x64
		{FC583936-EA46-3E43-8AE7-F13871C5E4CC}.RelWithDebInfo|x64.ActiveCfg = RelWithDebInfo|x64
		{18CA54AD-19E4-37D1-886B-0A76CEAC2A69}.Debug|x64.ActiveCfg = Debug|x64
		{18CA54AD-19E4-37D1-886B-0A76CEAC2A69}.Debug|x64.Build.0 = Debug|x64
		{18CA54AD-19E4-37D1-886B-0A76CEAC2A69}.Release|x64.ActiveCfg = Release|x64
		{18CA54AD-19E4-37D1-886B-0A76CEAC2A69}.Release|x64.Build.0 = Release|x64
		{18CA54AD-19E4-37D1-886B-0A76CEAC2A69}.MinSizeRel|x64.ActiveCfg = MinSizeRel|x64
		{18CA54AD-19E4-37D1-886B-0A76CEAC2A69}.MinSizeRel|x64.Build.0 = MinSizeRel|x64
		{18CA54AD-19E4-37D1-886B-0A76CEAC2A69}.RelWithDebInfo|x64.ActiveCfg = RelWithDebInfo|x64
		{18CA54AD-19E4-37D1-886B-0A76CEAC2A69}.RelWithDebInfo|x64.Build.0 = RelWithDebInfo|x64
		{F084705F-6A1D-3905-A104-6ADFEFCCBF32}.Debug|x64.ActiveCfg = Debug|x64
		{F084705F-6A1D-3905-A104-6ADFEFCCBF32}.Debug|x64.Build.0 = Debug|x64
		{F084705F-6A1D-3905-A104-6ADFEFCCBF32}.Release|x64.ActiveCfg = Release|x64
		{F084705F-6A1D-3905-A104-6ADFEFCCBF32}.Release|x64.Build.0 = Release|x64
		{F084705F-6A1D-3905-A104-6ADFEFCCBF32}.MinSizeRel|x64.ActiveCfg = MinSizeRel|x64
		{F084705F-6A1D-3905-A104-6ADFEFCCBF32}.MinSizeRel|x64.Build.0 = MinSizeRel|x64
		{F084705F-6A1D-3905-A104-6ADFEFCCBF32}.RelWithDebInfo|x64.ActiveCfg = RelWithDebInfo|x64
		{F084705F-6A1D-3905-A104-6ADFEFCCBF32}.RelWithDebInfo|x64.Build.0 = RelWithDebInfo|x64
		{194E2716-B2CD-3820-ABA8-885F698FA97A}.Debug|x64.ActiveCfg = Debug|x64
		{194E2716-B2CD-3820-ABA8-885F698FA97A}.Debug|x64.Build.0 = Debug|x64
		{194E2716-B2CD-3820-ABA8-885F698FA97A}.Release|x64.ActiveCfg = Release|x64
		{194E2716-B2CD-3820-ABA8-885F698FA97A}.Release|x64.Build.0 = Release|x64
		{194E2716-B2CD-3820-ABA8-885F698FA97A}.MinSizeRel|x64.ActiveCfg = MinSizeRel|x64
		{194E2716-B2CD-3820-ABA8-885F698FA97A}.MinSizeRel|x64.Build.0 = MinSizeRel|x64
		{194E2716-B2CD-3820-ABA8-885F698FA97A}.RelWithDebInfo|x64.ActiveCfg = RelWithDebInfo|x64
		{194E2716-B2CD-3820-ABA8-885F698FA97A}.RelWithDebInfo|x64.Build.0 = RelWithDebInfo|x64
		{20D8AD7D-E935-360C-973F-968A74D93C60}.Debug|x64.ActiveCfg = Debug|x64
		{20D8AD7D-E935-360C-973F-968A74D93C60}.Debug|x64.Build.0 = Debug|x64
		{20D8AD7D-E935-360C-973F-968A74D93C60}.Release|x64.ActiveCfg = Release|x64
		{20D8AD7D-E935-360C-973F-968A74D93C60}.Release|x64.Build.0 = Release|x64
		{20D8AD7D-E935-360C-973F-968A74D93C60}.MinSizeRel|x64.ActiveCfg = MinSizeRel|x64
		{20D8AD7D-E935-360C-973F-968A74D93C60}.MinSizeRel|x64.Build.0 = MinSizeRel|x64
		{20D8AD7D-E935-360C-973F-968A74D93C60}.RelWithDebInfo|x64.ActiveCfg = RelWithDebInfo|x64
		{20D8AD7D-E935-360C-973F-968A74D93C60}.RelWithDebInfo|x64.Build.0 = RelWithDebInfo|x64
	EndGlobalSection
	GlobalSection(NestedProjects) = preSolution
		{62D18CC1-49F5-3D9C-8842-FF3B62B0D3F1} = {47840DB6-1026-372C-8439-34EF9E1C7DF1}
		{FC583936-EA46-3E43-8AE7-F13871C5E4CC} = {47840DB6-1026-372C-8439-34EF9E1C7DF1}
		{F084705F-6A1D-3905-A104-6ADFEFCCBF32} = {47840DB6-1026-372C-8439-34EF9E1C7DF1}
		{194E2716-B2CD-3820-ABA8-885F698FA97A} = {4090B589-16F6-3739-8896-D12551858958}
	EndGlobalSection
	GlobalSection(ExtensibilityGlobals) = postSolution
		SolutionGuid = {FEE06BAC-5926-3FC6-A23F-EC359D2A6155}
	EndGlobalSection
	GlobalSection(ExtensibilityAddIns) = postSolution
	EndGlobalSection
EndGlobal
